
Microsoft Visual Studio Solution File, Format Version 12.00
# Visual Studio Version 16
VisualStudioVersion = 16.0.30128.74
MinimumVisualStudioVersion = 10.0.40219.1
Project("{9A19103F-16F7-4668-BE54-9A1E7A4F7556}") = "Scraping", "Scraping\Scraping.csproj", "{3DEC4816-DC47-4B9A-8427-149606F90C03}"
EndProject
Global
	GlobalSection(SolutionConfigurationPlatforms) = preSolution
		Debug|Any CPU = Debug|Any CPU
		Release|Any CPU = Release|Any CPU
	EndGlobalSection
	GlobalSection(ProjectConfigurationPlatforms) = postSolution
		{3DEC4816-DC47-4B9A-8427-149606F90C03}.Debug|Any CPU.ActiveCfg = Debug|Any CPU
		{3DEC4816-DC47-4B9A-8427-149606F90C03}.Debug|Any CPU.Build.0 = Debug|Any CPU
		{3DEC4816-DC47-4B9A-8427-149606F90C03}.Release|Any CPU.ActiveCfg = Release|Any CPU
		{3DEC4816-DC47-4B9A-8427-149606F90C03}.Release|Any CPU.Build.0 = Release|Any CPU
	EndGlobalSection
	GlobalSection(SolutionProperties) = preSolution
		HideSolutionNode = FALSE
	EndGlobalSection
	GlobalSection(ExtensibilityGlobals) = postSolution
		SolutionGuid = {6973DB76-5565-4C86-B8A6-C96953C7E29D}
	EndGlobalSection
EndGlobal
